
Microsoft Visual Studio Solution File, Format Version 12.00
# Visual Studio Version 17
VisualStudioVersion = 17.8.34316.72
MinimumVisualStudioVersion = 10.0.40219.1
Project("{FAE04EC0-301F-11D3-BF4B-00C04F79EFBC}") = "Second Task", "Second Task.csproj", "{BCA9B774-DE30-44AF-99F8-99D204ADC507}"
EndProject
Global
	GlobalSection(SolutionConfigurationPlatforms) = preSolution
		Debug|Any CPU = Debug|Any CPU
		Release|Any CPU = Release|Any CPU
	EndGlobalSection
	GlobalSection(ProjectConfigurationPlatforms) = postSolution
		{BCA9B774-DE30-44AF-99F8-99D204ADC507}.Debug|Any CPU.ActiveCfg = Debug|Any CPU
		{BCA9B774-DE30-44AF-99F8-99D204ADC507}.Debug|Any CPU.Build.0 = Debug|Any CPU
		{BCA9B774-DE30-44AF-99F8-99D204ADC507}.Release|Any CPU.ActiveCfg = Release|Any CPU
		{BCA9B774-DE30-44AF-99F8-99D204ADC507}.Release|Any CPU.Build.0 = Release|Any CPU
	EndGlobalSection
	GlobalSection(SolutionProperties) = preSolution
		HideSolutionNode = FALSE
	EndGlobalSection
	GlobalSection(ExtensibilityGlobals) = postSolution
		SolutionGuid = {6D7D45FC-C741-4CC1-B51D-A048FFB205B6}
	EndGlobalSection
EndGlobal
